{
  "name": "lambda-mailer2",
  "version": "0.0.2",
  "lockfileVersion": 1,
  "requires": true,
  "dependencies": {
    "lambda-mailer": {
      "version": "0.0.2",
      "resolved": "https://registry.npmjs.org/lambda-mailer/-/lambda-mailer-0.0.2.tgz",
      "integrity": "sha512-VkFNhDjGz3D2ZR5ukdv/QP/TxWjtjT+yVW5Ozz1fHOs25i3uFSmW7TNluNnW3IB5nVTR0XO/TtxKXH/gSEyIPw=="
    }
  }
}
