{
  "name": "lambda-mailer2",
  "version": "0.0.1",
  "lockfileVersion": 1,
  "requires": true,
  "dependencies": {
    "lambda-mailer": {
      "version": "0.0.1",
      "resolved": "https://registry.npmjs.org/lambda-mailer/-/lambda-mailer-0.0.1.tgz",
      "integrity": "sha512-SGFNhzDHgtcXKx8i7ZuPxXYkHgpUR0CXU/dTfp4FH+2QGrmJXq8CBuBB2vACvanljFcx9WYlYkiEpR2sppLofQ=="
    }
  }
}
